// !$*UTF8*$!
{
	archiveVersion = 1;
	classes = {
	};
	objectVersion = 50;
	objects = {

/* Begin PBXBuildFile section */
		E1A406492551A5C500A913E2 /* AppDelegate.swift in Sources */ = {isa = PBXBuildFile; fileRef = E1A406482551A5C500A913E2 /* AppDelegate.swift */; };
		E1A4064B2551A5C500A913E2 /* SceneDelegate.swift in Sources */ = {isa = PBXBuildFile; fileRef = E1A4064A2551A5C500A913E2 /* SceneDelegate.swift */; };
		E1A4064D2551A5C500A913E2 /* ViewController.swift in Sources */ = {isa = PBXBuildFile; fileRef = E1A4064C2551A5C500A913E2 /* ViewController.swift */; };
		E1A406502551A5C500A913E2 /* Main.storyboard in Resources */ = {isa = PBXBuildFile; fileRef = E1A4064E2551A5C500A913E2 /* Main.storyboard */; };
		E1A406522551A5C900A913E2 /* Assets.xcassets in Resources */ = {isa = PBXBuildFile; fileRef = E1A406512551A5C900A913E2 /* Assets.xcassets */; };
		E1A406552551A5C900A913E2 /* LaunchScreen.storyboard in Resources */ = {isa = PBXBuildFile; fileRef = E1A406532551A5C900A913E2 /* LaunchScreen.storyboard */; };
		E1A406602551A5C900A913E2 /* parserTests.swift in Sources */ = {isa = PBXBuildFile; fileRef = E1A4065F2551A5C900A913E2 /* parserTests.swift */; };
		E1A4066B2551A5C900A913E2 /* parserUITests.swift in Sources */ = {isa = PBXBuildFile; fileRef = E1A4066A2551A5C900A913E2 /* parserUITests.swift */; };
		E1A4067C2551A82600A913E2 /* UserData.swift in Sources */ = {isa = PBXBuildFile; fileRef = E1A4067B2551A82600A913E2 /* UserData.swift */; };
/* End PBXBuildFile section */

/* Begin PBXContainerItemProxy section */
		E1A4065C2551A5C900A913E2 /* PBXContainerItemProxy */ = {
			isa = PBXContainerItemProxy;
			containerPortal = E1A4063D2551A5C500A913E2 /* Project object */;
			proxyType = 1;
			remoteGlobalIDString = E1A406442551A5C500A913E2;
			remoteInfo = parser;
		};
		E1A406672551A5C900A913E2 /* PBXContainerItemProxy */ = {
			isa = PBXContainerItemProxy;
			containerPortal = E1A4063D2551A5C500A913E2 /* Project object */;
			proxyType = 1;
			remoteGlobalIDString = E1A406442551A5C500A913E2;
			remoteInfo = parser;
		};
/* End PBXContainerItemProxy section */

/* Begin PBXFileReference section */
		E1A406452551A5C500A913E2 /* parser.app */ = {isa = PBXFileReference; explicitFileType = wrapper.application; includeInIndex = 0; path = parser.app; sourceTree = BUILT_PRODUCTS_DIR; };
		E1A406482551A5C500A913E2 /* AppDelegate.swift */ = {isa = PBXFileReference; lastKnownFileType = sourcecode.swift; path = AppDelegate.swift; sourceTree = "<group>"; };
		E1A4064A2551A5C500A913E2 /* SceneDelegate.swift */ = {isa = PBXFileReference; lastKnownFileType = sourcecode.swift; path = SceneDelegate.swift; sourceTree = "<group>"; };
		E1A4064C2551A5C500A913E2 /* ViewController.swift */ = {isa = PBXFileReference; lastKnownFileType = sourcecode.swift; path = ViewController.swift; sourceTree = "<group>"; };
		E1A4064F2551A5C500A913E2 /* Base */ = {isa = PBXFileReference; lastKnownFileType = file.storyboard; name = Base; path = Base.lproj/Main.storyboard; sourceTree = "<group>"; };
		E1A406512551A5C900A913E2 /* Assets.xcassets */ = {isa = PBXFileReference; lastKnownFileType = folder.assetcatalog; path = Assets.xcassets; sourceTree = "<group>"; };
		E1A406542551A5C900A913E2 /* Base */ = {isa = PBXFileReference; lastKnownFileType = file.storyboard; name = Base; path = Base.lproj/LaunchScreen.storyboard; sourceTree = "<group>"; };
		E1A406562551A5C900A913E2 /* Info.plist */ = {isa = PBXFileReference; lastKnownFileType = text.plist.xml; path = Info.plist; sourceTree = "<group>"; };
		E1A4065B2551A5C900A913E2 /* parserTests.xctest */ = {isa = PBXFileReference; explicitFileType = wrapper.cfbundle; includeInIndex = 0; path = parserTests.xctest; sourceTree = BUILT_PRODUCTS_DIR; };
		E1A4065F2551A5C900A913E2 /* parserTests.swift */ = {isa = PBXFileReference; lastKnownFileType = sourcecode.swift; path = parserTests.swift; sourceTree = "<group>"; };
		E1A406612551A5C900A913E2 /* Info.plist */ = {isa = PBXFileReference; lastKnownFileType = text.plist.xml; path = Info.plist; sourceTree = "<group>"; };
		E1A406662551A5C900A913E2 /* parserUITests.xctest */ = {isa = PBXFileReference; explicitFileType = wrapper.cfbundle; includeInIndex = 0; path = parserUITests.xctest; sourceTree = BUILT_PRODUCTS_DIR; };
		E1A4066A2551A5C900A913E2 /* parserUITests.swift */ = {isa = PBXFileReference; lastKnownFileType = sourcecode.swift; path = parserUITests.swift; sourceTree = "<group>"; };
		E1A4066C2551A5C900A913E2 /* Info.plist */ = {isa = PBXFileReference; lastKnownFileType = text.plist.xml; path = Info.plist; sourceTree = "<group>"; };
		E1A4067B2551A82600A913E2 /* UserData.swift */ = {isa = PBXFileReference; lastKnownFileType = sourcecode.swift; path = UserData.swift; sourceTree = "<group>"; };
/* End PBXFileReference section */

/* Begin PBXFrameworksBuildPhase section */
		E1A406422551A5C500A913E2 /* Frameworks */ = {
			isa = PBXFrameworksBuildPhase;
			buildActionMask = 2147483647;
			files = (
			);
			runOnlyForDeploymentPostprocessing = 0;
		};
		E1A406582551A5C900A913E2 /* Frameworks */ = {
			isa = PBXFrameworksBuildPhase;
			buildActionMask = 2147483647;
			files = (
			);
			runOnlyForDeploymentPostprocessing = 0;
		};
		E1A406632551A5C900A913E2 /* Frameworks */ = {
			isa = PBXFrameworksBuildPhase;
			buildActionMask = 2147483647;
			files = (
			);
			runOnlyForDeploymentPostprocessing = 0;
		};
/* End PBXFrameworksBuildPhase section */

/* Begin PBXGroup section */
		E1A4063C2551A5C500A913E2 = {
			isa = PBXGroup;
			children = (
				E1A406472551A5C500A913E2 /* parser */,
				E1A4065E2551A5C900A913E2 /* parserTests */,
				E1A406692551A5C900A913E2 /* parserUITests */,
				E1A406462551A5C500A913E2 /* Products */,
			);
			sourceTree = "<group>";
		};
		E1A406462551A5C500A913E2 /* Products */ = {
			isa = PBXGroup;
			children = (
				E1A406452551A5C500A913E2 /* parser.app */,
				E1A4065B2551A5C900A913E2 /* parserTests.xctest */,
				E1A406662551A5C900A913E2 /* parserUITests.xctest */,
			);
			name = Products;
			sourceTree = "<group>";
		};
		E1A406472551A5C500A913E2 /* parser */ = {
			isa = PBXGroup;
			children = (
				E1A406482551A5C500A913E2 /* AppDelegate.swift */,
				E1A4067B2551A82600A913E2 /* UserData.swift */,
				E1A4064A2551A5C500A913E2 /* SceneDelegate.swift */,
				E1A4064C2551A5C500A913E2 /* ViewController.swift */,
				E1A4064E2551A5C500A913E2 /* Main.storyboard */,
				E1A406512551A5C900A913E2 /* Assets.xcassets */,
				E1A406532551A5C900A913E2 /* LaunchScreen.storyboard */,
				E1A406562551A5C900A913E2 /* Info.plist */,
			);
			path = parser;
			sourceTree = "<group>";
		};
		E1A4065E2551A5C900A913E2 /* parserTests */ = {
			isa = PBXGroup;
			children = (
				E1A4065F2551A5C900A913E2 /* parserTests.swift */,
				E1A406612551A5C900A913E2 /* Info.plist */,
			);
			path = parserTests;
			sourceTree = "<group>";
		};
		E1A406692551A5C900A913E2 /* parserUITests */ = {
			isa = PBXGroup;
			children = (
				E1A4066A2551A5C900A913E2 /* parserUITests.swift */,
				E1A4066C2551A5C900A913E2 /* Info.plist */,
			);
			path = parserUITests;
			sourceTree = "<group>";
		};
/* End PBXGroup section */

/* Begin PBXNativeTarget section */
		E1A406442551A5C500A913E2 /* parser */ = {
			isa = PBXNativeTarget;
			buildConfigurationList = E1A4066F2551A5C900A913E2 /* Build configuration list for PBXNativeTarget "parser" */;
			buildPhases = (
				E1A406412551A5C500A913E2 /* Sources */,
				E1A406422551A5C500A913E2 /* Frameworks */,
				E1A406432551A5C500A913E2 /* Resources */,
			);
			buildRules = (
			);
			dependencies = (
			);
			name = parser;
			productName = parser;
			productReference = E1A406452551A5C500A913E2 /* parser.app */;
			productType = "com.apple.product-type.application";
		};
		E1A4065A2551A5C900A913E2 /* parserTests */ = {
			isa = PBXNativeTarget;
			buildConfigurationList = E1A406722551A5C900A913E2 /* Build configuration list for PBXNativeTarget "parserTests" */;
			buildPhases = (
				E1A406572551A5C900A913E2 /* Sources */,
				E1A406582551A5C900A913E2 /* Frameworks */,
				E1A406592551A5C900A913E2 /* Resources */,
			);
			buildRules = (
			);
			dependencies = (
				E1A4065D2551A5C900A913E2 /* PBXTargetDependency */,
			);
			name = parserTests;
			productName = parserTests;
			productReference = E1A4065B2551A5C900A913E2 /* parserTests.xctest */;
			productType = "com.apple.product-type.bundle.unit-test";
		};
		E1A406652551A5C900A913E2 /* parserUITests */ = {
			isa = PBXNativeTarget;
			buildConfigurationList = E1A406752551A5C900A913E2 /* Build configuration list for PBXNativeTarget "parserUITests" */;
			buildPhases = (
				E1A406622551A5C900A913E2 /* Sources */,
				E1A406632551A5C900A913E2 /* Frameworks */,
				E1A406642551A5C900A913E2 /* Resources */,
			);
			buildRules = (
			);
			dependencies = (
				E1A406682551A5C900A913E2 /* PBXTargetDependency */,
			);
			name = parserUITests;
			productName = parserUITests;
			productReference = E1A406662551A5C900A913E2 /* parserUITests.xctest */;
			productType = "com.apple.product-type.bundle.ui-testing";
		};
/* End PBXNativeTarget section */

/* Begin PBXProject section */
		E1A4063D2551A5C500A913E2 /* Project object */ = {
			isa = PBXProject;
			attributes = {
				LastSwiftUpdateCheck = 1210;
				LastUpgradeCheck = 1210;
				TargetAttributes = {
					E1A406442551A5C500A913E2 = {
						CreatedOnToolsVersion = 12.1;
					};
					E1A4065A2551A5C900A913E2 = {
						CreatedOnToolsVersion = 12.1;
						TestTargetID = E1A406442551A5C500A913E2;
					};
					E1A406652551A5C900A913E2 = {
						CreatedOnToolsVersion = 12.1;
						TestTargetID = E1A406442551A5C500A913E2;
					};
				};
			};
			buildConfigurationList = E1A406402551A5C500A913E2 /* Build configuration list for PBXProject "parser" */;
			compatibilityVersion = "Xcode 9.3";
			developmentRegion = en;
			hasScannedForEncodings = 0;
			knownRegions = (
				en,
				Base,
			);
			mainGroup = E1A4063C2551A5C500A913E2;
			productRefGroup = E1A406462551A5C500A913E2 /* Products */;
			projectDirPath = "";
			projectRoot = "";
			targets = (
				E1A406442551A5C500A913E2 /* parser */,
				E1A4065A2551A5C900A913E2 /* parserTests */,
				E1A406652551A5C900A913E2 /* parserUITests */,
			);
		};
/* End PBXProject section */

/* Begin PBXResourcesBuildPhase section */
		E1A406432551A5C500A913E2 /* Resources */ = {
			isa = PBXResourcesBuildPhase;
			buildActionMask = 2147483647;
			files = (
				E1A406552551A5C900A913E2 /* LaunchScreen.storyboard in Resources */,
				E1A406522551A5C900A913E2 /* Assets.xcassets in Resources */,
				E1A406502551A5C500A913E2 /* Main.storyboard in Resources */,
			);
			runOnlyForDeploymentPostprocessing = 0;
		};
		E1A406592551A5C900A913E2 /* Resources */ = {
			isa = PBXResourcesBuildPhase;
			buildActionMask = 2147483647;
			files = (
			);
			runOnlyForDeploymentPostprocessing = 0;
		};
		E1A406642551A5C900A913E2 /* Resources */ = {
			isa = PBXResourcesBuildPhase;
			buildActionMask = 2147483647;
			files = (
			);
			runOnlyForDeploymentPostprocessing = 0;
		};
/* End PBXResourcesBuildPhase section */

/* Begin PBXSourcesBuildPhase section */
		E1A406412551A5C500A913E2 /* Sources */ = {
			isa = PBXSourcesBuildPhase;
			buildActionMask = 2147483647;
			files = (
				E1A4064D2551A5C500A913E2 /* ViewController.swift in Sources */,
				E1A406492551A5C500A913E2 /* AppDelegate.swift in Sources */,
				E1A4067C2551A82600A913E2 /* UserData.swift in Sources */,
				E1A4064B2551A5C500A913E2 /* SceneDelegate.swift in Sources */,
			);
			runOnlyForDeploymentPostprocessing = 0;
		};
		E1A406572551A5C900A913E2 /* Sources */ = {
			isa = PBXSourcesBuildPhase;
			buildActionMask = 2147483647;
			files = (
				E1A406602551A5C900A913E2 /* parserTests.swift in Sources */,
			);
			runOnlyForDeploymentPostprocessing = 0;
		};
		E1A406622551A5C900A913E2 /* Sources */ = {
			isa = PBXSourcesBuildPhase;
			buildActionMask = 2147483647;
			files = (
				E1A4066B2551A5C900A913E2 /* parserUITests.swift in Sources */,
			);
			runOnlyForDeploymentPostprocessing = 0;
		};
/* End PBXSourcesBuildPhase section */

/* Begin PBXTargetDependency section */
		E1A4065D2551A5C900A913E2 /* PBXTargetDependency */ = {
			isa = PBXTargetDependency;
			target = E1A406442551A5C500A913E2 /* parser */;
			targetProxy = E1A4065C2551A5C900A913E2 /* PBXContainerItemProxy */;
		};
		E1A406682551A5C900A913E2 /* PBXTargetDependency */ = {
			isa = PBXTargetDependency;
			target = E1A406442551A5C500A913E2 /* parser */;
			targetProxy = E1A406672551A5C900A913E2 /* PBXContainerItemProxy */;
		};
/* End PBXTargetDependency section */

/* Begin PBXVariantGroup section */
		E1A4064E2551A5C500A913E2 /* Main.storyboard */ = {
			isa = PBXVariantGroup;
			children = (
				E1A4064F2551A5C500A913E2 /* Base */,
			);
			name = Main.storyboard;
			sourceTree = "<group>";
		};
		E1A406532551A5C900A913E2 /* LaunchScreen.storyboard */ = {
			isa = PBXVariantGroup;
			children = (
				E1A406542551A5C900A913E2 /* Base */,
			);
			name = LaunchScreen.storyboard;
			sourceTree = "<group>";
		};
/* End PBXVariantGroup section */

/* Begin XCBuildConfiguration section */
		E1A4066D2551A5C900A913E2 /* Debug */ = {
			isa = XCBuildConfiguration;
			buildSettings = {
				ALWAYS_SEARCH_USER_PATHS = NO;
				CLANG_ANALYZER_NONNULL = YES;
				CLANG_ANALYZER_NUMBER_OBJECT_CONVERSION = YES_AGGRESSIVE;
				CLANG_CXX_LANGUAGE_STANDARD = "gnu++14";
				CLANG_CXX_LIBRARY = "libc++";
				CLANG_ENABLE_MODULES = YES;
				CLANG_ENABLE_OBJC_ARC = YES;
				CLANG_ENABLE_OBJC_WEAK = YES;
				CLANG_WARN_BLOCK_CAPTURE_AUTORELEASING = YES;
				CLANG_WARN_BOOL_CONVERSION = YES;
				CLANG_WARN_COMMA = YES;
				CLANG_WARN_CONSTANT_CONVERSION = YES;
				CLANG_WARN_DEPRECATED_OBJC_IMPLEMENTATIONS = YES;
				CLANG_WARN_DIRECT_OBJC_ISA_USAGE = YES_ERROR;
				CLANG_WARN_DOCUMENTATION_COMMENTS = YES;
				CLANG_WARN_EMPTY_BODY = YES;
				CLANG_WARN_ENUM_CONVERSION = YES;
				CLANG_WARN_INFINITE_RECURSION = YES;
				CLANG_WARN_INT_CONVERSION = YES;
				CLANG_WARN_NON_LITERAL_NULL_CONVERSION = YES;
				CLANG_WARN_OBJC_IMPLICIT_RETAIN_SELF = YES;
				CLANG_WARN_OBJC_LITERAL_CONVERSION = YES;
				CLANG_WARN_OBJC_ROOT_CLASS = YES_ERROR;
				CLANG_WARN_QUOTED_INCLUDE_IN_FRAMEWORK_HEADER = YES;
				CLANG_WARN_RANGE_LOOP_ANALYSIS = YES;
				CLANG_WARN_STRICT_PROTOTYPES = YES;
				CLANG_WARN_SUSPICIOUS_MOVE = YES;
				CLANG_WARN_UNGUARDED_AVAILABILITY = YES_AGGRESSIVE;
				CLANG_WARN_UNREACHABLE_CODE = YES;
				CLANG_WARN__DUPLICATE_METHOD_MATCH = YES;
				COPY_PHASE_STRIP = NO;
				DEBUG_INFORMATION_FORMAT = dwarf;
				ENABLE_STRICT_OBJC_MSGSEND = YES;
				ENABLE_TESTABILITY = YES;
				GCC_C_LANGUAGE_STANDARD = gnu11;
				GCC_DYNAMIC_NO_PIC = NO;
				GCC_NO_COMMON_BLOCKS = YES;
				GCC_OPTIMIZATION_LEVEL = 0;
				GCC_PREPROCESSOR_DEFINITIONS = (
					"DEBUG=1",
					"$(inherited)",
				);
				GCC_WARN_64_TO_32_BIT_CONVERSION = YES;
				GCC_WARN_ABOUT_RETURN_TYPE = YES_ERROR;
				GCC_WARN_UNDECLARED_SELECTOR = YES;
				GCC_WARN_UNINITIALIZED_AUTOS = YES_AGGRESSIVE;
				GCC_WARN_UNUSED_FUNCTION = YES;
				GCC_WARN_UNUSED_VARIABLE = YES;
				IPHONEOS_DEPLOYMENT_TARGET = 14.1;
				MTL_ENABLE_DEBUG_INFO = INCLUDE_SOURCE;
				MTL_FAST_MATH = YES;
				ONLY_ACTIVE_ARCH = YES;
				SDKROOT = iphoneos;
				SWIFT_ACTIVE_COMPILATION_CONDITIONS = DEBUG;
				SWIFT_OPTIMIZATION_LEVEL = "-Onone";
			};
			name = Debug;
		};
		E1A4066E2551A5C900A913E2 /* Release */ = {
			isa = XCBuildConfiguration;
			buildSettings = {
				ALWAYS_SEARCH_USER_PATHS = NO;
				CLANG_ANALYZER_NONNULL = YES;
				CLANG_ANALYZER_NUMBER_OBJECT_CONVERSION = YES_AGGRESSIVE;
				CLANG_CXX_LANGUAGE_STANDARD = "gnu++14";
				CLANG_CXX_LIBRARY = "libc++";
				CLANG_ENABLE_MODULES = YES;
				CLANG_ENABLE_OBJC_ARC = YES;
				CLANG_ENABLE_OBJC_WEAK = YES;
				CLANG_WARN_BLOCK_CAPTURE_AUTORELEASING = YES;
				CLANG_WARN_BOOL_CONVERSION = YES;
				CLANG_WARN_COMMA = YES;
				CLANG_WARN_CONSTANT_CONVERSION = YES;
				CLANG_WARN_DEPRECATED_OBJC_IMPLEMENTATIONS = YES;
				CLANG_WARN_DIRECT_OBJC_ISA_USAGE = YES_ERROR;
				CLANG_WARN_DOCUMENTATION_COMMENTS = YES;
				CLANG_WARN_EMPTY_BODY = YES;
				CLANG_WARN_ENUM_CONVERSION = YES;
				CLANG_WARN_INFINITE_RECURSION = YES;
				CLANG_WARN_INT_CONVERSION = YES;
				CLANG_WARN_NON_LITERAL_NULL_CONVERSION = YES;
				CLANG_WARN_OBJC_IMPLICIT_RETAIN_SELF = YES;
				CLANG_WARN_OBJC_LITERAL_CONVERSION = YES;
				CLANG_WARN_OBJC_ROOT_CLASS = YES_ERROR;
				CLANG_WARN_QUOTED_INCLUDE_IN_FRAMEWORK_HEADER = YES;
				CLANG_WARN_RANGE_LOOP_ANALYSIS = YES;
				CLANG_WARN_STRICT_PROTOTYPES = YES;
				CLANG_WARN_SUSPICIOUS_MOVE = YES;
				CLANG_WARN_UNGUARDED_AVAILABILITY = YES_AGGRESSIVE;
				CLANG_WARN_UNREACHABLE_CODE = YES;
				CLANG_WARN__DUPLICATE_METHOD_MATCH = YES;
				COPY_PHASE_STRIP = NO;
				DEBUG_INFORMATION_FORMAT = "dwarf-with-dsym";
				ENABLE_NS_ASSERTIONS = NO;
				ENABLE_STRICT_OBJC_MSGSEND = YES;
				GCC_C_LANGUAGE_STANDARD = gnu11;
				GCC_NO_COMMON_BLOCKS = YES;
				GCC_WARN_64_TO_32_BIT_CONVERSION = YES;
				GCC_WARN_ABOUT_RETURN_TYPE = YES_ERROR;
				GCC_WARN_UNDECLARED_SELECTOR = YES;
				GCC_WARN_UNINITIALIZED_AUTOS = YES_AGGRESSIVE;
				GCC_WARN_UNUSED_FUNCTION = YES;
				GCC_WARN_UNUSED_VARIABLE = YES;
				IPHONEOS_DEPLOYMENT_TARGET = 14.1;
				MTL_ENABLE_DEBUG_INFO = NO;
				MTL_FAST_MATH = YES;
				SDKROOT = iphoneos;
				SWIFT_COMPILATION_MODE = wholemodule;
				SWIFT_OPTIMIZATION_LEVEL = "-O";
				VALIDATE_PRODUCT = YES;
			};
			name = Release;
		};
		E1A406702551A5C900A913E2 /* Debug */ = {
			isa = XCBuildConfiguration;
			buildSettings = {
				ASSETCATALOG_COMPILER_APPICON_NAME = AppIcon;
				ASSETCATALOG_COMPILER_GLOBAL_ACCENT_COLOR_NAME = AccentColor;
				CODE_SIGN_STYLE = Automatic;
				INFOPLIST_FILE = parser/Info.plist;
				LD_RUNPATH_SEARCH_PATHS = (
					"$(inherited)",
					"@executable_path/Frameworks",
				);
				PRODUCT_BUNDLE_IDENTIFIER = Pavlov.parser;
				PRODUCT_NAME = "$(TARGET_NAME)";
				SWIFT_VERSION = 5.0;
				TARGETED_DEVICE_FAMILY = "1,2";
			};
			name = Debug;
		};
		E1A406712551A5C900A913E2 /* Release */ = {
			isa = XCBuildConfiguration;
			buildSettings = {
				ASSETCATALOG_COMPILER_APPICON_NAME = AppIcon;
				ASSETCATALOG_COMPILER_GLOBAL_ACCENT_COLOR_NAME = AccentColor;
				CODE_SIGN_STYLE = Automatic;
				INFOPLIST_FILE = parser/Info.plist;
				LD_RUNPATH_SEARCH_PATHS = (
					"$(inherited)",
					"@executable_path/Frameworks",
				);
				PRODUCT_BUNDLE_IDENTIFIER = Pavlov.parser;
				PRODUCT_NAME = "$(TARGET_NAME)";
				SWIFT_VERSION = 5.0;
				TARGETED_DEVICE_FAMILY = "1,2";
			};
			name = Release;
		};
		E1A406732551A5C900A913E2 /* Debug */ = {
			isa = XCBuildConfiguration;
			buildSettings = {
				ALWAYS_EMBED_SWIFT_STANDARD_LIBRARIES = YES;
				BUNDLE_LOADER = "$(TEST_HOST)";
				CODE_SIGN_STYLE = Automatic;
				INFOPLIST_FILE = parserTests/Info.plist;
				IPHONEOS_DEPLOYMENT_TARGET = 14.1;
				LD_RUNPATH_SEARCH_PATHS = (
					"$(inherited)",
					"@executable_path/Frameworks",
					"@loader_path/Frameworks",
				);
				PRODUCT_BUNDLE_IDENTIFIER = Pavlov.parserTests;
				PRODUCT_NAME = "$(TARGET_NAME)";
				SWIFT_VERSION = 5.0;
				TARGETED_DEVICE_FAMILY = "1,2";
				TEST_HOST = "$(BUILT_PRODUCTS_DIR)/parser.app/parser";
			};
			name = Debug;
		};
		E1A406742551A5C900A913E2 /* Release */ = {
			isa = XCBuildConfiguration;
			buildSettings = {
				ALWAYS_EMBED_SWIFT_STANDARD_LIBRARIES = YES;
				BUNDLE_LOADER = "$(TEST_HOST)";
				CODE_SIGN_STYLE = Automatic;
				INFOPLIST_FILE = parserTests/Info.plist;
				IPHONEOS_DEPLOYMENT_TARGET = 14.1;
				LD_RUNPATH_SEARCH_PATHS = (
					"$(inherited)",
					"@executable_path/Frameworks",
					"@loader_path/Frameworks",
				);
				PRODUCT_BUNDLE_IDENTIFIER = Pavlov.parserTests;
				PRODUCT_NAME = "$(TARGET_NAME)";
				SWIFT_VERSION = 5.0;
				TARGETED_DEVICE_FAMILY = "1,2";
				TEST_HOST = "$(BUILT_PRODUCTS_DIR)/parser.app/parser";
			};
			name = Release;
		};
		E1A406762551A5C900A913E2 /* Debug */ = {
			isa = XCBuildConfiguration;
			buildSettings = {
				ALWAYS_EMBED_SWIFT_STANDARD_LIBRARIES = YES;
				CODE_SIGN_STYLE = Automatic;
				INFOPLIST_FILE = parserUITests/Info.plist;
				LD_RUNPATH_SEARCH_PATHS = (
					"$(inherited)",
					"@executable_path/Frameworks",
					"@loader_path/Frameworks",
				);
				PRODUCT_BUNDLE_IDENTIFIER = Pavlov.parserUITests;
				PRODUCT_NAME = "$(TARGET_NAME)";
				SWIFT_VERSION = 5.0;
				TARGETED_DEVICE_FAMILY = "1,2";
				TEST_TARGET_NAME = parser;
			};
			name = Debug;
		};
		E1A406772551A5C900A913E2 /* Release */ = {
			isa = XCBuildConfiguration;
			buildSettings = {
				ALWAYS_EMBED_SWIFT_STANDARD_LIBRARIES = YES;
				CODE_SIGN_STYLE = Automatic;
				INFOPLIST_FILE = parserUITests/Info.plist;
				LD_RUNPATH_SEARCH_PATHS = (
					"$(inherited)",
					"@executable_path/Frameworks",
					"@loader_path/Frameworks",
				);
				PRODUCT_BUNDLE_IDENTIFIER = Pavlov.parserUITests;
				PRODUCT_NAME = "$(TARGET_NAME)";
				SWIFT_VERSION = 5.0;
				TARGETED_DEVICE_FAMILY = "1,2";
				TEST_TARGET_NAME = parser;
			};
			name = Release;
		};
/* End XCBuildConfiguration section */

/* Begin XCConfigurationList section */
		E1A406402551A5C500A913E2 /* Build configuration list for PBXProject "parser" */ = {
			isa = XCConfigurationList;
			buildConfigurations = (
				E1A4066D2551A5C900A913E2 /* Debug */,
				E1A4066E2551A5C900A913E2 /* Release */,
			);
			defaultConfigurationIsVisible = 0;
			defaultConfigurationName = Release;
		};
		E1A4066F2551A5C900A913E2 /* Build configuration list for PBXNativeTarget "parser" */ = {
			isa = XCConfigurationList;
			buildConfigurations = (
				E1A406702551A5C900A913E2 /* Debug */,
				E1A406712551A5C900A913E2 /* Release */,
			);
			defaultConfigurationIsVisible = 0;
			defaultConfigurationName = Release;
		};
		E1A406722551A5C900A913E2 /* Build configuration list for PBXNativeTarget "parserTests" */ = {
			isa = XCConfigurationList;
			buildConfigurations = (
				E1A406732551A5C900A913E2 /* Debug */,
				E1A406742551A5C900A913E2 /* Release */,
			);
			defaultConfigurationIsVisible = 0;
			defaultConfigurationName = Release;
		};
		E1A406752551A5C900A913E2 /* Build configuration list for PBXNativeTarget "parserUITests" */ = {
			isa = XCConfigurationList;
			buildConfigurations = (
				E1A406762551A5C900A913E2 /* Debug */,
				E1A406772551A5C900A913E2 /* Release */,
			);
			defaultConfigurationIsVisible = 0;
			defaultConfigurationName = Release;
		};
/* End XCConfigurationList section */
	};
	rootObject = E1A4063D2551A5C500A913E2 /* Project object */;
}
